
Microsoft Visual Studio Solution File, Format Version 12.00
# Visual Studio Version 17
VisualStudioVersion = 17.7.34003.232
MinimumVisualStudioVersion = 10.0.40219.1
Project("{9A19103F-16F7-4668-BE54-9A1E7A4F7556}") = "Ofgem-Web-LAF-InternalPortal.UI", "src\Ofgem-Web-LAF-InternalPortal.UI\Ofgem-Web-LAF-InternalPortal.UI.csproj", "{EBA13319-4A37-4B14-9A57-A34824E27CFA}"
EndProject
Project("{9A19103F-16F7-4668-BE54-9A1E7A4F7556}") = "Ofgem-Web-LAF-InternalPortal.UnitTests", "tests\Ofgem-Web-LAF-InternalPortal.UnitTests.csproj", "{B0FFC8C8-F669-4FA4-BDE0-02B46494D87A}"
EndProject
Global
	GlobalSection(SolutionConfigurationPlatforms) = preSolution
		Debug|Any CPU = Debug|Any CPU
		Release|Any CPU = Release|Any CPU
	EndGlobalSection
	GlobalSection(ProjectConfigurationPlatforms) = postSolution
		{EBA13319-4A37-4B14-9A57-A34824E27CFA}.Debug|Any CPU.ActiveCfg = Debug|Any CPU
		{EBA13319-4A37-4B14-9A57-A34824E27CFA}.Debug|Any CPU.Build.0 = Debug|Any CPU
		{EBA13319-4A37-4B14-9A57-A34824E27CFA}.Release|Any CPU.ActiveCfg = Release|Any CPU
		{EBA13319-4A37-4B14-9A57-A34824E27CFA}.Release|Any CPU.Build.0 = Release|Any CPU
		{B0FFC8C8-F669-4FA4-BDE0-02B46494D87A}.Debug|Any CPU.ActiveCfg = Debug|Any CPU
		{B0FFC8C8-F669-4FA4-BDE0-02B46494D87A}.Debug|Any CPU.Build.0 = Debug|Any CPU
		{B0FFC8C8-F669-4FA4-BDE0-02B46494D87A}.Release|Any CPU.ActiveCfg = Release|Any CPU
		{B0FFC8C8-F669-4FA4-BDE0-02B46494D87A}.Release|Any CPU.Build.0 = Release|Any CPU
	EndGlobalSection
	GlobalSection(SolutionProperties) = preSolution
		HideSolutionNode = FALSE
	EndGlobalSection
	GlobalSection(ExtensibilityGlobals) = postSolution
		SolutionGuid = {2991F68E-E99C-4F21-BFF1-195E3F389DAD}
	EndGlobalSection
EndGlobal
